
Microsoft Visual Studio Solution File, Format Version 12.00
# Visual Studio Version 16
VisualStudioVersion = 16.0.30011.22
MinimumVisualStudioVersion = 10.0.40219.1
Project("{FAE04EC0-301F-11D3-BF4B-00C04F79EFBC}") = "SafeRent", "SafeRent\SafeRent.csproj", "{9365E4DB-2C07-492B-907D-105947A24FF6}"
EndProject
Project("{FAE04EC0-301F-11D3-BF4B-00C04F79EFBC}") = "SafeRent.DataAccess", "SafeRent.DataAccess\SafeRent.DataAccess.csproj", "{FFB04035-C6F7-4DC9-819C-914B1FF646B5}"
EndProject
Project("{FAE04EC0-301F-11D3-BF4B-00C04F79EFBC}") = "SafeRent.BusinessLogic", "SafeRent.BusinessLogic\SafeRent.BusinessLogic.csproj", "{45C78432-94C8-49FB-A154-C6032E078379}"
EndProject
Global
	GlobalSection(SolutionConfigurationPlatforms) = preSolution
		Debug|Any CPU = Debug|Any CPU
		Release|Any CPU = Release|Any CPU
	EndGlobalSection
	GlobalSection(ProjectConfigurationPlatforms) = postSolution
		{9365E4DB-2C07-492B-907D-105947A24FF6}.Debug|Any CPU.ActiveCfg = Debug|Any CPU
		{9365E4DB-2C07-492B-907D-105947A24FF6}.Debug|Any CPU.Build.0 = Debug|Any CPU
		{9365E4DB-2C07-492B-907D-105947A24FF6}.Release|Any CPU.ActiveCfg = Release|Any CPU
		{9365E4DB-2C07-492B-907D-105947A24FF6}.Release|Any CPU.Build.0 = Release|Any CPU
		{FFB04035-C6F7-4DC9-819C-914B1FF646B5}.Debug|Any CPU.ActiveCfg = Debug|Any CPU
		{FFB04035-C6F7-4DC9-819C-914B1FF646B5}.Debug|Any CPU.Build.0 = Debug|Any CPU
		{FFB04035-C6F7-4DC9-819C-914B1FF646B5}.Release|Any CPU.ActiveCfg = Release|Any CPU
		{FFB04035-C6F7-4DC9-819C-914B1FF646B5}.Release|Any CPU.Build.0 = Release|Any CPU
		{45C78432-94C8-49FB-A154-C6032E078379}.Debug|Any CPU.ActiveCfg = Debug|Any CPU
		{45C78432-94C8-49FB-A154-C6032E078379}.Debug|Any CPU.Build.0 = Debug|Any CPU
		{45C78432-94C8-49FB-A154-C6032E078379}.Release|Any CPU.ActiveCfg = Release|Any CPU
		{45C78432-94C8-49FB-A154-C6032E078379}.Release|Any CPU.Build.0 = Release|Any CPU
	EndGlobalSection
	GlobalSection(SolutionProperties) = preSolution
		HideSolutionNode = FALSE
	EndGlobalSection
	GlobalSection(ExtensibilityGlobals) = postSolution
		SolutionGuid = {0BCC41E3-C403-4F5F-8DCB-FE92B5AA99EB}
	EndGlobalSection
EndGlobal
